
Microsoft Visual Studio Solution File, Format Version 12.00
# Visual Studio 15
Project("{FAE04EC0-301F-11D3-BF4B-00C04F79EFBC}") = "Assembly-CSharp", "Assembly-CSharp.csproj", "{BF978A4C-B03D-0AF8-7183-AE7E6CCF650E}"
EndProject
Global
	GlobalSection(SolutionConfigurationPlatforms) = preSolution
		Debug|Any CPU = Debug|Any CPU
		Release|Any CPU = Release|Any CPU
	EndGlobalSection
	GlobalSection(ProjectConfigurationPlatforms) = postSolution
		{BF978A4C-B03D-0AF8-7183-AE7E6CCF650E}.Debug|Any CPU.ActiveCfg = Debug|Any CPU
		{BF978A4C-B03D-0AF8-7183-AE7E6CCF650E}.Debug|Any CPU.Build.0 = Debug|Any CPU
		{BF978A4C-B03D-0AF8-7183-AE7E6CCF650E}.Release|Any CPU.ActiveCfg = Release|Any CPU
		{BF978A4C-B03D-0AF8-7183-AE7E6CCF650E}.Release|Any CPU.Build.0 = Release|Any CPU
	EndGlobalSection
	GlobalSection(SolutionProperties) = preSolution
		HideSolutionNode = FALSE
	EndGlobalSection
EndGlobal
